{
  "name": "momo-cafe",
  "version": "0.0.1",
  "lockfileVersion": 3,
  "requires": true,
  "packages": {
    "": {
      "name": "momo-cafe",
      "version": "0.0.1",
      "devDependencies": {
        "@sanity/client": "^8.2.0"
      },
      "engines": {
        "node": ">=22.12.0"
      }
    },
    "node_modules/@sanity/client": {
      "version": "8.2.0",
      "resolved": "https://registry.npmjs.org/@sanity/client/-/client-8.2.0.tgz",
      "integrity": "sha512-SK2o8uh9ayAYAHJtKvd3r78Y5QHlV6RA1H249rYXtm71rdvp4dVvQyf3E/QtYVaeIhrWufK1Mh7sbX6FDVLtWQ==",
      "dev": true,
      "license": "MIT",
      "dependencies": {
        "eventsource": "^5.1.0",
        "get-it": "^9.5.0",
        "nanoid": "^6.0.1",
        "obug": "^2.1.4",
        "rxjs": "^7.8.2"
      },
      "engines": {
        "node": ">=22.12.0"
      }
    },
    "node_modules/eventsource": {
      "version": "5.1.1",
      "resolved": "https://registry.npmjs.org/eventsource/-/eventsource-5.1.1.tgz",
      "integrity": "sha512-onrlI7l612Ee3xnBqZNTq4djf6Fho/0yIpO/rYjRG/FzjMyPJquNx9SS3QyjglnVFxwxrube1XmX41zB+0Rdgw==",
      "dev": true,
      "license": "MIT",
      "dependencies": {
        "eventsource-parser": "^4.1.0"
      },
      "engines": {
        "node": ">=22.12.0"
      }
    },
    "node_modules/eventsource-parser": {
      "version": "4.1.0",
      "resolved": "https://registry.npmjs.org/eventsource-parser/-/eventsource-parser-4.1.0.tgz",
      "integrity": "sha512-+DHvQ1wLO//MK+1OZgcuXCbZFKgu3YjKPJt7n98rxX8vezL0ni+7s3ZQiM8bJkUEOk7MsuCycrPLj0FzUNf7Og==",
      "dev": true,
      "license": "MIT",
      "engines": {
        "node": ">=22.12"
      }
    },
    "node_modules/get-it": {
      "version": "9.5.1",
      "resolved": "https://registry.npmjs.org/get-it/-/get-it-9.5.1.tgz",
      "integrity": "sha512-XCVgepH7ROA/VEW4iaorxII3ZqQt7bqNhRNdeOklqwWsl7iGuJCGL7jxkUzcWVpK5zsYr0WaMqeXrIfeL02Uig==",
      "dev": true,
      "license": "MIT",
      "dependencies": {
        "undici": "^7.22.0"
      },
      "engines": {
        "node": ">=22.12.0"
      },
      "peerDependencies": {
        "vitest": ">=2.0.0"
      },
      "peerDependenciesMeta": {
        "vitest": {
          "optional": true
        }
      }
    },
    "node_modules/nanoid": {
      "version": "6.0.1",
      "resolved": "https://registry.npmjs.org/nanoid/-/nanoid-6.0.1.tgz",
      "integrity": "sha512-3wVS3i51pE2pi1k5FFL/95BGfVS0kSsvDVuGXHOtxox/TywUmtgq+3qiTOTbs9J7KfHaXPiN171k/A6dBnaXFw==",
      "dev": true,
      "funding": [
        {
          "type": "github",
          "url": "https://github.com/sponsors/ai"
        }
      ],
      "license": "MIT",
      "bin": {
        "nanoid": "bin/nanoid.js"
      },
      "engines": {
        "node": "^22 || ^24 || >=26"
      }
    },
    "node_modules/obug": {
      "version": "2.1.4",
      "resolved": "https://registry.npmjs.org/obug/-/obug-2.1.4.tgz",
      "integrity": "sha512-4a+OsYv9UktOJKE+l1A4OufDgdRF9PifWj+tJnHURo/P+WOxpG4GzUFL9qCalmWauao6ogiG+QvnCovwPoyAWA==",
      "dev": true,
      "funding": [
        "https://github.com/sponsors/sxzz",
        "https://opencollective.com/debug"
      ],
      "license": "MIT",
      "engines": {
        "node": ">=12.20.0"
      }
    },
    "node_modules/rxjs": {
      "version": "7.8.2",
      "resolved": "https://registry.npmjs.org/rxjs/-/rxjs-7.8.2.tgz",
      "integrity": "sha512-dhKf903U/PQZY6boNNtAGdWbG85WAbjT/1xYoZIC7FAY0yWapOBQVsVrDl58W86//e1VpMNBtRV4MaXfdMySFA==",
      "dev": true,
      "license": "Apache-2.0",
      "dependencies": {
        "tslib": "^2.1.0"
      }
    },
    "node_modules/tslib": {
      "version": "2.8.1",
      "resolved": "https://registry.npmjs.org/tslib/-/tslib-2.8.1.tgz",
      "integrity": "sha512-oJFu94HQb+KVduSUQL7wnpmqnfmLsOA/nAh6b6EH0wCEoK0/mPeXU6c3wKDV83MkOuHPRHtSXKKU99IBazS/2w==",
      "dev": true,
      "license": "0BSD"
    },
    "node_modules/undici": {
      "version": "7.29.0",
      "resolved": "https://registry.npmjs.org/undici/-/undici-7.29.0.tgz",
      "integrity": "sha512-IDxfleLmmbSskfWSUATiN1nfn2rDuvnMOqb5CWR92iIfojA0Ud+ulOAAEQ57LPr9rWmsreUyf5lwyao+7GNNVw==",
      "dev": true,
      "license": "MIT",
      "engines": {
        "node": ">=20.18.1"
      }
    }
  }
}
